
Microsoft Visual Studio Solution File, Format Version 12.00
# Visual Studio Version 17
VisualStudioVersion = 17.11.35327.3
MinimumVisualStudioVersion = 10.0.40219.1
Project("{9A19103F-16F7-4668-BE54-9A1E7A4F7556}") = "MAUI-UD8-EJ1", "MAUI-UD8-EJ1\MAUI-UD8-EJ1.csproj", "{7D154790-DACE-43C9-8E71-B7F7FDD37E6E}"
EndProject
Project("{9A19103F-16F7-4668-BE54-9A1E7A4F7556}") = "MAUI-UD8-EJ5", "MAUI-UD8-EJ2\MAUI-UD8-EJ5.csproj", "{DC814942-3275-4A45-AAE6-47921505674C}"
EndProject
Project("{FAE04EC0-301F-11D3-BF4B-00C04F79EFBC}") = "MAUI-UD8-EJ5-Entities", "Entities\MAUI-UD8-EJ5-Entities.csproj", "{7CC72A00-2741-43A5-AE92-992A4B789B14}"
EndProject
Project("{FAE04EC0-301F-11D3-BF4B-00C04F79EFBC}") = "MAUI-UD8-EJ5-DAL", "MAUI-UD8-EJ5-DAL\MAUI-UD8-EJ5-DAL.csproj", "{B6192005-8164-4091-80C7-05CCA3D2AF5B}"
EndProject
Project("{FAE04EC0-301F-11D3-BF4B-00C04F79EFBC}") = "MAUI-UD8-EJ5-UI", "MAUI-UD8-EJ5-UI\MAUI-UD8-EJ5-UI.csproj", "{C8F19F67-D833-4696-9F56-AA8E4340BF7B}"
EndProject
Global
	GlobalSection(SolutionConfigurationPlatforms) = preSolution
		Debug|Any CPU = Debug|Any CPU
		Release|Any CPU = Release|Any CPU
	EndGlobalSection
	GlobalSection(ProjectConfigurationPlatforms) = postSolution
		{7D154790-DACE-43C9-8E71-B7F7FDD37E6E}.Debug|Any CPU.ActiveCfg = Debug|Any CPU
		{7D154790-DACE-43C9-8E71-B7F7FDD37E6E}.Debug|Any CPU.Build.0 = Debug|Any CPU
		{7D154790-DACE-43C9-8E71-B7F7FDD37E6E}.Debug|Any CPU.Deploy.0 = Debug|Any CPU
		{7D154790-DACE-43C9-8E71-B7F7FDD37E6E}.Release|Any CPU.ActiveCfg = Release|Any CPU
		{7D154790-DACE-43C9-8E71-B7F7FDD37E6E}.Release|Any CPU.Build.0 = Release|Any CPU
		{7D154790-DACE-43C9-8E71-B7F7FDD37E6E}.Release|Any CPU.Deploy.0 = Release|Any CPU
		{DC814942-3275-4A45-AAE6-47921505674C}.Debug|Any CPU.ActiveCfg = Debug|Any CPU
		{DC814942-3275-4A45-AAE6-47921505674C}.Debug|Any CPU.Build.0 = Debug|Any CPU
		{DC814942-3275-4A45-AAE6-47921505674C}.Debug|Any CPU.Deploy.0 = Debug|Any CPU
		{DC814942-3275-4A45-AAE6-47921505674C}.Release|Any CPU.ActiveCfg = Release|Any CPU
		{DC814942-3275-4A45-AAE6-47921505674C}.Release|Any CPU.Build.0 = Release|Any CPU
		{DC814942-3275-4A45-AAE6-47921505674C}.Release|Any CPU.Deploy.0 = Release|Any CPU
		{7CC72A00-2741-43A5-AE92-992A4B789B14}.Debug|Any CPU.ActiveCfg = Debug|Any CPU
		{7CC72A00-2741-43A5-AE92-992A4B789B14}.Debug|Any CPU.Build.0 = Debug|Any CPU
		{7CC72A00-2741-43A5-AE92-992A4B789B14}.Release|Any CPU.ActiveCfg = Release|Any CPU
		{7CC72A00-2741-43A5-AE92-992A4B789B14}.Release|Any CPU.Build.0 = Release|Any CPU
		{B6192005-8164-4091-80C7-05CCA3D2AF5B}.Debug|Any CPU.ActiveCfg = Debug|Any CPU
		{B6192005-8164-4091-80C7-05CCA3D2AF5B}.Debug|Any CPU.Build.0 = Debug|Any CPU
		{B6192005-8164-4091-80C7-05CCA3D2AF5B}.Release|Any CPU.ActiveCfg = Release|Any CPU
		{B6192005-8164-4091-80C7-05CCA3D2AF5B}.Release|Any CPU.Build.0 = Release|Any CPU
		{C8F19F67-D833-4696-9F56-AA8E4340BF7B}.Debug|Any CPU.ActiveCfg = Debug|Any CPU
		{C8F19F67-D833-4696-9F56-AA8E4340BF7B}.Debug|Any CPU.Build.0 = Debug|Any CPU
		{C8F19F67-D833-4696-9F56-AA8E4340BF7B}.Debug|Any CPU.Deploy.0 = Debug|Any CPU
		{C8F19F67-D833-4696-9F56-AA8E4340BF7B}.Release|Any CPU.ActiveCfg = Release|Any CPU
		{C8F19F67-D833-4696-9F56-AA8E4340BF7B}.Release|Any CPU.Build.0 = Release|Any CPU
		{C8F19F67-D833-4696-9F56-AA8E4340BF7B}.Release|Any CPU.Deploy.0 = Release|Any CPU
	EndGlobalSection
	GlobalSection(SolutionProperties) = preSolution
		HideSolutionNode = FALSE
	EndGlobalSection
	GlobalSection(ExtensibilityGlobals) = postSolution
		SolutionGuid = {90880A07-8CFB-475B-8301-1B0EF22878A1}
	EndGlobalSection
EndGlobal
